
Microsoft Visual Studio Solution File, Format Version 12.00
# Visual Studio Version 16
VisualStudioVersion = 16.0.29806.167
MinimumVisualStudioVersion = 10.0.40219.1
Project("{9A19103F-16F7-4668-BE54-9A1E7A4F7556}") = "WebResearch", "WebResearch.csproj", "{08652626-4BB6-4699-8290-39E77EAFF7D2}"
EndProject
Global
	GlobalSection(SolutionConfigurationPlatforms) = preSolution
		Debug|Any CPU = Debug|Any CPU
		Release|Any CPU = Release|Any CPU
	EndGlobalSection
	GlobalSection(ProjectConfigurationPlatforms) = postSolution
		{08652626-4BB6-4699-8290-39E77EAFF7D2}.Debug|Any CPU.ActiveCfg = Debug|Any CPU
		{08652626-4BB6-4699-8290-39E77EAFF7D2}.Debug|Any CPU.Build.0 = Debug|Any CPU
		{08652626-4BB6-4699-8290-39E77EAFF7D2}.Release|Any CPU.ActiveCfg = Release|Any CPU
		{08652626-4BB6-4699-8290-39E77EAFF7D2}.Release|Any CPU.Build.0 = Release|Any CPU
	EndGlobalSection
	GlobalSection(SolutionProperties) = preSolution
		HideSolutionNode = FALSE
	EndGlobalSection
	GlobalSection(ExtensibilityGlobals) = postSolution
		SolutionGuid = {A328B1A0-400E-47D3-88F8-E4766FF69A45}
	EndGlobalSection
EndGlobal
